<Solution>
  <Folder Name="/src/">
    <Project Path="src/Cap.Primitives/Cap.Primitives.csproj" />
    <Project Path="src/Cap.Std/Cap.Std.csproj" />
    <Project Path="src/Cap.Fs.Ext/Cap.Fs.Ext.csproj" />
    <Project Path="src/Cap.Net/Cap.Net.csproj" />
    <Project Path="src/Cap.Time/Cap.Time.csproj" />
    <Project Path="src/Cap.Rand/Cap.Rand.csproj" />
    <Project Path="src/Cap.Directories/Cap.Directories.csproj" />
    <Project Path="src/Cap.Analyzers/Cap.Analyzers.csproj" />
  </Folder>
  <Folder Name="/tests/">
    <Project Path="tests/Cap.Primitives.Tests/Cap.Primitives.Tests.csproj" />
    <Project Path="tests/Cap.Std.Tests/Cap.Std.Tests.csproj" />
    <Project Path="tests/Cap.Fs.Ext.Tests/Cap.Fs.Ext.Tests.csproj" />
    <Project Path="tests/Cap.Net.Tests/Cap.Net.Tests.csproj" />
    <Project Path="tests/Cap.Time.Tests/Cap.Time.Tests.csproj" />
    <Project Path="tests/Cap.Rand.Tests/Cap.Rand.Tests.csproj" />
    <Project Path="tests/Cap.Directories.Tests/Cap.Directories.Tests.csproj" />
    <Project Path="tests/Cap.Escape.Tests/Cap.Escape.Tests.csproj" />
    <Project Path="tests/Cap.Stress.Tests/Cap.Stress.Tests.csproj" />
    <Project Path="tests/Cap.Fuzz.Tests/Cap.Fuzz.Tests.csproj" />
  </Folder>
  <Folder Name="/fuzz/">
    <Project Path="fuzz/Cap.Fuzz/Cap.Fuzz.csproj" />
  </Folder>
  <Folder Name="/samples/">
    <Project Path="samples/AmbientAudit/AmbientAudit.csproj" />
  </Folder>
  <Folder Name="/bench/">
    <Project Path="bench/Cap.Benchmarks/Cap.Benchmarks.csproj" />
  </Folder>
  <Folder Name="/solution items/">
    <File Path="Directory.Build.props" />
    <File Path="Directory.Build.targets" />
    <File Path="Directory.Packages.props" />
    <File Path=".editorconfig" />
    <File Path="global.json" />
    <File Path="build/BannedSymbols.Common.txt" />
    <File Path="build/BannedSymbols.Primitives.txt" />
    <File Path="SECURITY.md" />
    <File Path="docs/threat-model.md" />
    <File Path="docs/fuzzing.md" />
    <File Path=".config/dotnet-tools.json" />
  </Folder>
</Solution>
